{
  "version": 4,
  "terraform_version": "1.7.4",
  "serial": 6,
  "lineage": "488afa95-14dc-c6eb-367b-7baac6db46ed",
  "outputs": {},
  "resources": [
    {
      "mode": "managed",
      "type": "aws_iam_access_key",
      "name": "this_key",
      "provider": "provider[\"registry.terraform.io/hashicorp/aws\"]",
      "instances": [
        {
          "schema_version": 0,
          "attributes": {
            "create_date": "2024-03-05T08:37:00Z",
            "encrypted_secret": null,
            "encrypted_ses_smtp_password_v4": null,
            "id": "AKIAQBWAF7TZJX3CE7WV",
            "key_fingerprint": null,
            "pgp_key": null,
            "secret": "AxrwOUXIFPzJb8g3qRsdW7ScvTNMy81cXhfVR/Ky",
            "ses_smtp_password_v4": "BLELFMOi30DQKbVw8fWY93GjiWYx8iLJml6tAFo7w0IN",
            "status": "Active",
            "user": "TF-MG"
          },
          "sensitive_attributes": [],
          "private": "bnVsbA==",
          "dependencies": [
            "aws_iam_user.this_user"
          ]
        }
      ]
    },
    {
      "mode": "managed",
      "type": "aws_iam_group",
      "name": "this_group",
      "provider": "provider[\"registry.terraform.io/hashicorp/aws\"]",
      "instances": [
        {
          "schema_version": 0,
          "attributes": {
            "arn": "arn:aws:iam::003624271090:group/this_group",
            "id": "this_group",
            "name": "this_group",
            "path": "/",
            "unique_id": "AGPAQBWAF7TZAZS46EJ3T"
          },
          "sensitive_attributes": [],
          "private": "bnVsbA=="
        }
      ]
    },
    {
      "mode": "managed",
      "type": "aws_iam_group_membership",
      "name": "this_membership",
      "provider": "provider[\"registry.terraform.io/hashicorp/aws\"]",
      "instances": [
        {
          "schema_version": 0,
          "attributes": {
            "group": "this_group",
            "id": "this_membership",
            "name": "this_membership",
            "users": [
              "TF-MG"
            ]
          },
          "sensitive_attributes": [],
          "private": "bnVsbA==",
          "dependencies": [
            "aws_iam_group.this_group",
            "aws_iam_user.this_user"
          ]
        }
      ]
    },
    {
      "mode": "managed",
      "type": "aws_iam_user",
      "name": "this_user",
      "provider": "provider[\"registry.terraform.io/hashicorp/aws\"]",
      "instances": [
        {
          "schema_version": 0,
          "attributes": {
            "arn": "arn:aws:iam::003624271090:user/TF-MG",
            "force_destroy": false,
            "id": "TF-MG",
            "name": "TF-MG",
            "path": "/",
            "permissions_boundary": "",
            "tags": {
              "name": "by_mg"
            },
            "tags_all": {
              "name": "by_mg"
            },
            "unique_id": "AIDAQBWAF7TZGCPC42M7E"
          },
          "sensitive_attributes": [],
          "private": "bnVsbA=="
        }
      ]
    },
    {
      "mode": "managed",
      "type": "aws_iam_user_policy",
      "name": "this_policy",
      "provider": "provider[\"registry.terraform.io/hashicorp/aws\"]",
      "instances": [
        {
          "schema_version": 0,
          "attributes": {
            "id": "TF-MG:this_policy",
            "name": "this_policy",
            "name_prefix": "",
            "policy": "{\"Version\":\"2012-10-17\",\"Statement\":[{\"Action\":[\"ec2:Describe*\"],\"Effect\":\"Allow\",\"Resource\":\"*\"}]}",
            "user": "TF-MG"
          },
          "sensitive_attributes": [],
          "private": "bnVsbA==",
          "dependencies": [
            "aws_iam_user.this_user"
          ]
        }
      ]
    }
  ],
  "check_results": null
}
